# THIS IS AN AUTOGENERATED FILE. DO NOT EDIT THIS FILE DIRECTLY.
# yarn lockfile v1


pil@^0.1.1:
  version "0.1.1"
  resolved "https://registry.yarnpkg.com/pil/-/pil-0.1.1.tgz#0d414e607c6ac938dc59e82b88e2837437a3958e"
  integrity sha512-FTelhKQZbsj46zOpKNbT+ZPf0/GqCgngwohy+wPR4M0tiaaXwuPuG2B/UW29FHSFl8nin6eEFOI5gf9IniRPhA==
